Microsoft Visual Studio Solution File, Format Version 12.00
# Visual Studio Version 17
VisualStudioVersion = 17.5.2.0
MinimumVisualStudioVersion = 10.0.40219.1
Project("{FAE04EC0-301F-11D3-BF4B-00C04F79EFBC}") = "TraSuaApp_New", "TraSuaApp_New.csproj", "{315B2674-E18E-53AF-BE6D-7F5E34C23213}"
EndProject
Global
	GlobalSection(SolutionConfigurationPlatforms) = preSolution
		Debug|Any CPU = Debug|Any CPU
		Release|Any CPU = Release|Any CPU
	EndGlobalSection
	GlobalSection(ProjectConfigurationPlatforms) = postSolution
		{315B2674-E18E-53AF-BE6D-7F5E34C23213}.Debug|Any CPU.ActiveCfg = Debug|Any CPU
		{315B2674-E18E-53AF-BE6D-7F5E34C23213}.Debug|Any CPU.Build.0 = Debug|Any CPU
		{315B2674-E18E-53AF-BE6D-7F5E34C23213}.Release|Any CPU.ActiveCfg = Release|Any CPU
		{315B2674-E18E-53AF-BE6D-7F5E34C23213}.Release|Any CPU.Build.0 = Release|Any CPU
	EndGlobalSection
	GlobalSection(SolutionProperties) = preSolution
		HideSolutionNode = FALSE
	EndGlobalSection
	GlobalSection(ExtensibilityGlobals) = postSolution
		SolutionGuid = {7B23461A-E2D2-41B2-AD45-A7B74326368A}
	EndGlobalSection
EndGlobal
